
Microsoft Visual Studio Solution File, Format Version 12.00
# Visual Studio 15
VisualStudioVersion = 15.0.27130.0
MinimumVisualStudioVersion = 10.0.40219.1
Project("{888888A0-9F3D-457C-B088-3A5042F75D52}") = "California Lotto Scratchers EV", "California Lotto Scratchers EV\California Lotto Scratchers EV.pyproj", "{02866177-0AC1-42B7-B8D6-4B49068E44E7}"
EndProject
Global
	GlobalSection(SolutionConfigurationPlatforms) = preSolution
		Debug|Any CPU = Debug|Any CPU
		Release|Any CPU = Release|Any CPU
	EndGlobalSection
	GlobalSection(ProjectConfigurationPlatforms) = postSolution
		{02866177-0AC1-42B7-B8D6-4B49068E44E7}.Debug|Any CPU.ActiveCfg = Debug|Any CPU
		{02866177-0AC1-42B7-B8D6-4B49068E44E7}.Release|Any CPU.ActiveCfg = Release|Any CPU
	EndGlobalSection
	GlobalSection(SolutionProperties) = preSolution
		HideSolutionNode = FALSE
	EndGlobalSection
	GlobalSection(ExtensibilityGlobals) = postSolution
		SolutionGuid = {098CEA15-2E8D-4624-96D3-D390678FC3FA}
	EndGlobalSection
EndGlobal
